
Microsoft Visual Studio Solution File, Format Version 12.00
# Visual Studio Version 16
VisualStudioVersion = 16.0.30611.23
MinimumVisualStudioVersion = 10.0.40219.1
Project("{8BC9CEB8-8B4A-11D0-8D11-00A0C91BC942}") = "w6", "w6.vcxproj", "{656CD3EC-6AD3-4F09-8835-5E9CA91CBB6A}"
EndProject
Global
	GlobalSection(SolutionConfigurationPlatforms) = preSolution
		Debug|x64 = Debug|x64
		Debug|x86 = Debug|x86
		Release|x64 = Release|x64
		Release|x86 = Release|x86
	EndGlobalSection
	GlobalSection(ProjectConfigurationPlatforms) = postSolution
		{656CD3EC-6AD3-4F09-8835-5E9CA91CBB6A}.Debug|x64.ActiveCfg = Debug|x64
		{656CD3EC-6AD3-4F09-8835-5E9CA91CBB6A}.Debug|x64.Build.0 = Debug|x64
		{656CD3EC-6AD3-4F09-8835-5E9CA91CBB6A}.Debug|x86.ActiveCfg = Debug|Win32
		{656CD3EC-6AD3-4F09-8835-5E9CA91CBB6A}.Debug|x86.Build.0 = Debug|Win32
		{656CD3EC-6AD3-4F09-8835-5E9CA91CBB6A}.Release|x64.ActiveCfg = Release|x64
		{656CD3EC-6AD3-4F09-8835-5E9CA91CBB6A}.Release|x64.Build.0 = Release|x64
		{656CD3EC-6AD3-4F09-8835-5E9CA91CBB6A}.Release|x86.ActiveCfg = Release|Win32
		{656CD3EC-6AD3-4F09-8835-5E9CA91CBB6A}.Release|x86.Build.0 = Release|Win32
	EndGlobalSection
	GlobalSection(SolutionProperties) = preSolution
		HideSolutionNode = FALSE
	EndGlobalSection
	GlobalSection(ExtensibilityGlobals) = postSolution
		SolutionGuid = {1926E1C7-8CE1-47A6-AC5D-DF49AF305813}
	EndGlobalSection
EndGlobal
